<Solution>
  <Folder Name="/src/">
    <Project Path="src/AuthSystem.Api/AuthSystem.Api.csproj" />
    <Project Path="src/AuthSystem.Application/AuthSystem.Application.csproj" />
    <Project Path="src/AuthSystem.Domain/AuthSystem.Domain.csproj" />
    <Project Path="src/AuthSystem.Infrastructure/AuthSystem.Infrastructure.csproj" />
  </Folder>
  <Folder Name="/tests/">
    <Project Path="tests/AuthSystem.Api.IntegrationTests/AuthSystem.Api.IntegrationTests.csproj" />
  </Folder>
</Solution>
